{
	"name": "@qfed/prometheus-ui",
	"version": "0.0.0",
	"lockfileVersion": 1,
	"requires": true,
	"dependencies": {
		"@babel/code-frame": {
			"version": "7.0.0-beta.44",
			"resolved": "https://registry.npm.taobao.org/@babel/code-frame/download/@babel/code-frame-7.0.0-beta.44.tgz",
			"integrity": "sha1-KgJkM2jegJFhYr5whlyXd08629k=",
			"dev": true,
			"requires": {
				"@babel/highlight": "7.0.0-beta.44"
			}
		},
		"@babel/generator": {
			"version": "7.0.0-beta.44",
			"resolved": "https://registry.npm.taobao.org/@babel/generator/download/@babel/generator-7.0.0-beta.44.tgz?cache=0&other_urls=https%3A%2F%2Fregistry.npm.taobao.org%2F%40babel%2Fgenerator%2Fdownload%2F%40babel%2Fgenerator-7.0.0-beta.44.tgz",
			"integrity": "sha1-x+Z7m1KEr89pswm1DX038+UDPUI=",
			"dev": true,
			"requires": {
				"@babel/types": "7.0.0-beta.44",
				"jsesc": "^2.5.1",
				"lodash": "^4.2.0",
				"source-map": "^0.5.0",
				"trim-right": "^1.0.1"
			}
		},
		"@babel/helper-function-name": {
			"version": "7.0.0-beta.44",
			"resolved": "https://registry.npm.taobao.org/@babel/helper-function-name/download/@babel/helper-function-name-7.0.0-beta.44.tgz?cache=0&sync_timestamp=1574465949765&other_urls=https%3A%2F%2Fregistry.npm.taobao.org%2F%40babel%2Fhelper-function-name%2Fdownload%2F%40babel%2Fhelper-function-name-7.0.0-beta.44.tgz",
			"integrity": "sha1-4YVSqq4iMRAKbkheA4VLw1MtRN0=",
			"dev": true,
			"requires": {
				"@babel/helper-get-function-arity": "7.0.0-beta.44",
				"@babel/template": "7.0.0-beta.44",
				"@babel/types": "7.0.0-beta.44"
			}
		},
		"@babel/helper-get-function-arity": {
			"version": "7.0.0-beta.44",
			"resolved": "https://registry.npm.taobao.org/@babel/helper-get-function-arity/download/@babel/helper-get-function-arity-7.0.0-beta.44.tgz",
			"integrity": "sha1-0Dym3SufewseazLFbHKDYUDbOhU=",
			"dev": true,
			"requires": {
				"@babel/types": "7.0.0-beta.44"
			}
		},
		"@babel/helper-split-export-declaration": {
			"version": "7.0.0-beta.44",
			"resolved": "https://registry.npm.taobao.org/@babel/helper-split-export-declaration/download/@babel/helper-split-export-declaration-7.0.0-beta.44.tgz?cache=0&other_urls=https%3A%2F%2Fregistry.npm.taobao.org%2F%40babel%2Fhelper-split-export-declaration%2Fdownload%2F%40babel%2Fhelper-split-export-declaration-7.0.0-beta.44.tgz",
			"integrity": "sha1-wLNRc14PvLOCLIrY205YOwXr2dw=",
			"dev": true,
			"requires": {
				"@babel/types": "7.0.0-beta.44"
			}
		},
		"@babel/highlight": {
			"version": "7.0.0-beta.44",
			"resolved": "https://registry.npm.taobao.org/@babel/highlight/download/@babel/highlight-7.0.0-beta.44.tgz?cache=0&sync_timestamp=1562245140883&other_urls=https%3A%2F%2Fregistry.npm.taobao.org%2F%40babel%2Fhighlight%2Fdownload%2F%40babel%2Fhighlight-7.0.0-beta.44.tgz",
			"integrity": "sha1-GMlM5UORaoBVPtzc9oGJCyAHR9U=",
			"dev": true,
			"requires": {
				"chalk": "^2.0.0",
				"esutils": "^2.0.2",
				"js-tokens": "^3.0.0"
			}
		},
		"@babel/template": {
			"version": "7.0.0-beta.44",
			"resolved": "https://registry.npm.taobao.org/@babel/template/download/@babel/template-7.0.0-beta.44.tgz?cache=0&sync_timestamp=1574465948896&other_urls=https%3A%2F%2Fregistry.npm.taobao.org%2F%40babel%2Ftemplate%2Fdownload%2F%40babel%2Ftemplate-7.0.0-beta.44.tgz",
			"integrity": "sha1-+IMvT9zuXVm/UV5ZX8UQbFKbOU8=",
			"dev": true,
			"requires": {
				"@babel/code-frame": "7.0.0-beta.44",
				"@babel/types": "7.0.0-beta.44",
				"babylon": "7.0.0-beta.44",
				"lodash": "^4.2.0"
			}
		},
		"@babel/traverse": {
			"version": "7.0.0-beta.44",
			"resolved": "https://registry.npm.taobao.org/@babel/traverse/download/@babel/traverse-7.0.0-beta.44.tgz",
			"integrity": "sha1-qXCixFR3rRgBfi5GWgYG/u4NKWY=",
			"dev": true,
			"requires": {
				"@babel/code-frame": "7.0.0-beta.44",
				"@babel/generator": "7.0.0-beta.44",
				"@babel/helper-function-name": "7.0.0-beta.44",
				"@babel/helper-split-export-declaration": "7.0.0-beta.44",
				"@babel/types": "7.0.0-beta.44",
				"babylon": "7.0.0-beta.44",
				"debug": "^3.1.0",
				"globals": "^11.1.0",
				"invariant": "^2.2.0",
				"lodash": "^4.2.0"
			}
		},
		"@babel/types": {
			"version": "7.0.0-beta.44",
			"resolved": "https://registry.npm.taobao.org/@babel/types/download/@babel/types-7.0.0-beta.44.tgz?cache=0&other_urls=https%3A%2F%2Fregistry.npm.taobao.org%2F%40babel%2Ftypes%2Fdownload%2F%40babel%2Ftypes-7.0.0-beta.44.tgz",
			"integrity": "sha1-axsWRZH3fewKA0KsqZXy0Eazp1c=",
			"dev": true,
			"requires": {
				"esutils": "^2.0.2",
				"lodash": "^4.2.0",
				"to-fast-properties": "^2.0.0"
			}
		},
		"accepts": {
			"version": "1.3.7",
			"resolved": "https://registry.npm.taobao.org/accepts/download/accepts-1.3.7.tgz",
			"integrity": "sha1-UxvHJlF6OytB+FACHGzBXqq1B80=",
			"dev": true,
			"requires": {
				"mime-types": "~2.1.24",
				"negotiator": "0.6.2"
			}
		},
		"ansi-styles": {
			"version": "3.2.1",
			"resolved": "https://registry.npm.taobao.org/ansi-styles/download/ansi-styles-3.2.1.tgz",
			"integrity": "sha1-QfuyAkPlCxK+DwS43tvwdSDOhB0=",
			"dev": true,
			"requires": {
				"color-convert": "^1.9.0"
			}
		},
		"any-promise": {
			"version": "1.3.0",
			"resolved": "https://registry.npm.taobao.org/any-promise/download/any-promise-1.3.0.tgz",
			"integrity": "sha1-q8av7tzqUugJzcA3au0845Y10X8=",
			"dev": true
		},
		"array-includes": {
			"version": "3.0.3",
			"resolved": "https://registry.npm.taobao.org/array-includes/download/array-includes-3.0.3.tgz",
			"integrity": "sha1-GEtI9i2S10UrsxsyMWXH+L0CJm0=",
			"dev": true,
			"requires": {
				"define-properties": "^1.1.2",
				"es-abstract": "^1.7.0"
			}
		},
		"array.prototype.flat": {
			"version": "1.2.2",
			"resolved": "https://registry.npm.taobao.org/array.prototype.flat/download/array.prototype.flat-1.2.2.tgz",
			"integrity": "sha1-jzxx0kW6NJtrZLQHj3b1V28f1yM=",
			"dev": true,
			"requires": {
				"define-properties": "^1.1.3",
				"es-abstract": "^1.15.0",
				"function-bind": "^1.1.1"
			}
		},
		"autoprefixer": {
			"version": "8.6.5",
			"resolved": "https://registry.npm.taobao.org/autoprefixer/download/autoprefixer-8.6.5.tgz",
			"integrity": "sha1-ND89GT7VaLMgjgARehuW62kdTuk=",
			"dev": true,
			"requires": {
				"browserslist": "^3.2.8",
				"caniuse-lite": "^1.0.30000864",
				"normalize-range": "^0.1.2",
				"num2fraction": "^1.2.2",
				"postcss": "^6.0.23",
				"postcss-value-parser": "^3.2.3"
			}
		},
		"babel-eslint": {
			"version": "8.2.6",
			"resolved": "https://registry.npm.taobao.org/babel-eslint/download/babel-eslint-8.2.6.tgz?cache=0&other_urls=https%3A%2F%2Fregistry.npm.taobao.org%2Fbabel-eslint%2Fdownload%2Fbabel-eslint-8.2.6.tgz",
			"integrity": "sha1-YnDQxzIFYoBnwPeuFpOp55es79k=",
			"dev": true,
			"requires": {
				"@babel/code-frame": "7.0.0-beta.44",
				"@babel/traverse": "7.0.0-beta.44",
				"@babel/types": "7.0.0-beta.44",
				"babylon": "7.0.0-beta.44",
				"eslint-scope": "3.7.1",
				"eslint-visitor-keys": "^1.0.0"
			}
		},
		"babylon": {
			"version": "7.0.0-beta.44",
			"resolved": "https://registry.npm.taobao.org/babylon/download/babylon-7.0.0-beta.44.tgz",
			"integrity": "sha1-iRWeFebjDFCW4i1zjYwK+KDoyh0=",
			"dev": true
		},
		"balanced-match": {
			"version": "1.0.0",
			"resolved": "https://registry.npm.taobao.org/balanced-match/download/balanced-match-1.0.0.tgz",
			"integrity": "sha1-ibTRmasr7kneFk6gK4nORi1xt2c=",
			"dev": true
		},
		"brace-expansion": {
			"version": "1.1.11",
			"resolved": "https://registry.npm.taobao.org/brace-expansion/download/brace-expansion-1.1.11.tgz",
			"integrity": "sha1-PH/L9SnYcibz0vUrlm/1Jx60Qd0=",
			"dev": true,
			"requires": {
				"balanced-match": "^1.0.0",
				"concat-map": "0.0.1"
			}
		},
		"browserslist": {
			"version": "3.2.8",
			"resolved": "https://registry.npm.taobao.org/browserslist/download/browserslist-3.2.8.tgz?cache=0&other_urls=https%3A%2F%2Fregistry.npm.taobao.org%2Fbrowserslist%2Fdownload%2Fbrowserslist-3.2.8.tgz",
			"integrity": "sha1-sABTYdZHHw9ZUnl6dvyYXx+Xj8Y=",
			"dev": true,
			"requires": {
				"caniuse-lite": "^1.0.30000844",
				"electron-to-chromium": "^1.3.47"
			}
		},
		"cache-content-type": {
			"version": "1.0.1",
			"resolved": "https://registry.npm.taobao.org/cache-content-type/download/cache-content-type-1.0.1.tgz",
			"integrity": "sha1-A1zeKwjuISn0qDFeqPAKANuhRTw=",
			"dev": true,
			"requires": {
				"mime-types": "^2.1.18",
				"ylru": "^1.2.0"
			}
		},
		"caniuse-lite": {
			"version": "1.0.30001015",
			"resolved": "https://registry.npm.taobao.org/caniuse-lite/download/caniuse-lite-1.0.30001015.tgz",
			"integrity": "sha1-Fafd9mq6eGpx2ZYmvI8rkcbw9fA=",
			"dev": true
		},
		"chalk": {
			"version": "2.4.2",
			"resolved": "https://registry.npm.taobao.org/chalk/download/chalk-2.4.2.tgz?cache=0&sync_timestamp=1573282949696&other_urls=https%3A%2F%2Fregistry.npm.taobao.org%2Fchalk%2Fdownload%2Fchalk-2.4.2.tgz",
			"integrity": "sha1-zUJUFnelQzPPVBpJEIwUMrRMlCQ=",
			"dev": true,
			"requires": {
				"ansi-styles": "^3.2.1",
				"escape-string-regexp": "^1.0.5",
				"supports-color": "^5.3.0"
			}
		},
		"co": {
			"version": "4.6.0",
			"resolved": "https://registry.npm.taobao.org/co/download/co-4.6.0.tgz",
			"integrity": "sha1-bqa989hTrlTMuOR7+gvz+QMfsYQ=",
			"dev": true
		},
		"color-convert": {
			"version": "1.9.3",
			"resolved": "https://registry.npm.taobao.org/color-convert/download/color-convert-1.9.3.tgz",
			"integrity": "sha1-u3GFBpDh8TZWfeYp0tVHHe2kweg=",
			"dev": true,
			"requires": {
				"color-name": "1.1.3"
			}
		},
		"color-name": {
			"version": "1.1.3",
			"resolved": "https://registry.npm.taobao.org/color-name/download/color-name-1.1.3.tgz",
			"integrity": "sha1-p9BVi9icQveV3UIyj3QIMcpTvCU=",
			"dev": true
		},
		"concat-map": {
			"version": "0.0.1",
			"resolved": "https://registry.npm.taobao.org/concat-map/download/concat-map-0.0.1.tgz",
			"integrity": "sha1-2Klr13/Wjfd5OnMDajug1UBdR3s=",
			"dev": true
		},
		"contains-path": {
			"version": "0.1.0",
			"resolved": "https://registry.npm.taobao.org/contains-path/download/contains-path-0.1.0.tgz",
			"integrity": "sha1-/ozxhP9mcLa67wGp1IYaXL7EEgo=",
			"dev": true
		},
		"content-disposition": {
			"version": "0.5.3",
			"resolved": "https://registry.npm.taobao.org/content-disposition/download/content-disposition-0.5.3.tgz",
			"integrity": "sha1-4TDK9+cnkIfFYWwgB9BIVpiYT70=",
			"dev": true,
			"requires": {
				"safe-buffer": "5.1.2"
			}
		},
		"content-type": {
			"version": "1.0.4",
			"resolved": "https://registry.npm.taobao.org/content-type/download/content-type-1.0.4.tgz",
			"integrity": "sha1-4TjMdeBAxyexlm/l5fjJruJW/js=",
			"dev": true
		},
		"cookies": {
			"version": "0.8.0",
			"resolved": "https://registry.npm.taobao.org/cookies/download/cookies-0.8.0.tgz?cache=0&sync_timestamp=1570851324736&other_urls=https%3A%2F%2Fregistry.npm.taobao.org%2Fcookies%2Fdownload%2Fcookies-0.8.0.tgz",
			"integrity": "sha1-EpPOSzkXQKhAbjyYcOgoxLVPP5A=",
			"dev": true,
			"requires": {
				"depd": "~2.0.0",
				"keygrip": "~1.1.0"
			},
			"dependencies": {
				"depd": {
					"version": "2.0.0",
					"resolved": "https://registry.npm.taobao.org/depd/download/depd-2.0.0.tgz",
					"integrity": "sha1-tpYWPMdXVg0JzyLMj60Vcbeedt8=",
					"dev": true
				}
			}
		},
		"debug": {
			"version": "3.2.6",
			"resolved": "https://registry.npm.taobao.org/debug/download/debug-3.2.6.tgz?cache=0&other_urls=https%3A%2F%2Fregistry.npm.taobao.org%2Fdebug%2Fdownload%2Fdebug-3.2.6.tgz",
			"integrity": "sha1-6D0X3hbYp++3cX7b5fsQE17uYps=",
			"dev": true,
			"requires": {
				"ms": "^2.1.1"
			}
		},
		"deep-equal": {
			"version": "1.0.1",
			"resolved": "https://registry.npm.taobao.org/deep-equal/download/deep-equal-1.0.1.tgz",
			"integrity": "sha1-9dJgKStmDghO/0zbyfCK0yR0SLU=",
			"dev": true
		},
		"define-properties": {
			"version": "1.1.3",
			"resolved": "https://registry.npm.taobao.org/define-properties/download/define-properties-1.1.3.tgz",
			"integrity": "sha1-z4jabL7ib+bbcJT2HYcMvYTO6fE=",
			"dev": true,
			"requires": {
				"object-keys": "^1.0.12"
			}
		},
		"delegates": {
			"version": "1.0.0",
			"resolved": "https://registry.npm.taobao.org/delegates/download/delegates-1.0.0.tgz",
			"integrity": "sha1-hMbhWbgZBP3KWaDvRM2HDTElD5o=",
			"dev": true
		},
		"depd": {
			"version": "1.1.2",
			"resolved": "https://registry.npm.taobao.org/depd/download/depd-1.1.2.tgz",
			"integrity": "sha1-m81S4UwJd2PnSbJ0xDRu0uVgtak=",
			"dev": true
		},
		"destroy": {
			"version": "1.0.4",
			"resolved": "https://registry.npm.taobao.org/destroy/download/destroy-1.0.4.tgz",
			"integrity": "sha1-l4hXRCxEdJ5CBmE+N5RiBYJqvYA=",
			"dev": true
		},
		"ee-first": {
			"version": "1.1.1",
			"resolved": "https://registry.npm.taobao.org/ee-first/download/ee-first-1.1.1.tgz",
			"integrity": "sha1-WQxhFWsK4vTwJVcyoViyZrxWsh0=",
			"dev": true
		},
		"electron-to-chromium": {
			"version": "1.3.322",
			"resolved": "https://registry.npm.taobao.org/electron-to-chromium/download/electron-to-chromium-1.3.322.tgz",
			"integrity": "sha1-pvfhx5AlwrBYOOjjRPbonrgyE6g=",
			"dev": true
		},
		"encodeurl": {
			"version": "1.0.2",
			"resolved": "https://registry.npm.taobao.org/encodeurl/download/encodeurl-1.0.2.tgz",
			"integrity": "sha1-rT/0yG7C0CkyL1oCw6mmBslbP1k=",
			"dev": true
		},
		"error-ex": {
			"version": "1.3.2",
			"resolved": "https://registry.npm.taobao.org/error-ex/download/error-ex-1.3.2.tgz",
			"integrity": "sha1-tKxAZIEH/c3PriQvQovqihTU8b8=",
			"dev": true,
			"requires": {
				"is-arrayish": "^0.2.1"
			}
		},
		"error-inject": {
			"version": "1.0.0",
			"resolved": "https://registry.npm.taobao.org/error-inject/download/error-inject-1.0.0.tgz",
			"integrity": "sha1-4rPZG1Su1nLzCdlQ0VSFD6EdTzc=",
			"dev": true
		},
		"es-abstract": {
			"version": "1.16.3",
			"resolved": "https://registry.npm.taobao.org/es-abstract/download/es-abstract-1.16.3.tgz",
			"integrity": "sha1-UkkNl4+W/5+J7BW1zyRDBKW8oWE=",
			"dev": true,
			"requires": {
				"es-to-primitive": "^1.2.1",
				"function-bind": "^1.1.1",
				"has": "^1.0.3",
				"has-symbols": "^1.0.1",
				"is-callable": "^1.1.4",
				"is-regex": "^1.0.4",
				"object-inspect": "^1.7.0",
				"object-keys": "^1.1.1",
				"string.prototype.trimleft": "^2.1.0",
				"string.prototype.trimright": "^2.1.0"
			}
		},
		"es-to-primitive": {
			"version": "1.2.1",
			"resolved": "https://registry.npm.taobao.org/es-to-primitive/download/es-to-primitive-1.2.1.tgz",
			"integrity": "sha1-5VzUyc3BiLzvsDs2bHNjI/xciYo=",
			"dev": true,
			"requires": {
				"is-callable": "^1.1.4",
				"is-date-object": "^1.0.1",
				"is-symbol": "^1.0.2"
			}
		},
		"escape-html": {
			"version": "1.0.3",
			"resolved": "https://registry.npm.taobao.org/escape-html/download/escape-html-1.0.3.tgz",
			"integrity": "sha1-Aljq5NPQwJdN4cFpGI7wBR0dGYg=",
			"dev": true
		},
		"escape-string-regexp": {
			"version": "1.0.5",
			"resolved": "https://registry.npm.taobao.org/escape-string-regexp/download/escape-string-regexp-1.0.5.tgz",
			"integrity": "sha1-G2HAViGQqN/2rjuyzwIAyhMLhtQ=",
			"dev": true
		},
		"eslint-import-resolver-node": {
			"version": "0.3.2",
			"resolved": "https://registry.npm.taobao.org/eslint-import-resolver-node/download/eslint-import-resolver-node-0.3.2.tgz",
			"integrity": "sha1-WPFfuDm40FdsqYBBNHaqskcttmo=",
			"dev": true,
			"requires": {
				"debug": "^2.6.9",
				"resolve": "^1.5.0"
			},
			"dependencies": {
				"debug": {
					"version": "2.6.9",
					"resolved": "https://registry.npm.taobao.org/debug/download/debug-2.6.9.tgz?cache=0&other_urls=https%3A%2F%2Fregistry.npm.taobao.org%2Fdebug%2Fdownload%2Fdebug-2.6.9.tgz",
					"integrity": "sha1-XRKFFd8TT/Mn6QpMk/Tgd6U2NB8=",
					"dev": true,
					"requires": {
						"ms": "2.0.0"
					}
				},
				"ms": {
					"version": "2.0.0",
					"resolved": "https://registry.npm.taobao.org/ms/download/ms-2.0.0.tgz",
					"integrity": "sha1-VgiurfwAvmwpAd9fmGF4jeDVl8g=",
					"dev": true
				}
			}
		},
		"eslint-module-utils": {
			"version": "2.5.0",
			"resolved": "https://registry.npm.taobao.org/eslint-module-utils/download/eslint-module-utils-2.5.0.tgz",
			"integrity": "sha1-zfC0DWIwMidMzSq9fmTE5STW4Zw=",
			"dev": true,
			"requires": {
				"debug": "^2.6.9",
				"pkg-dir": "^2.0.0"
			},
			"dependencies": {
				"debug": {
					"version": "2.6.9",
					"resolved": "https://registry.npm.taobao.org/debug/download/debug-2.6.9.tgz?cache=0&other_urls=https%3A%2F%2Fregistry.npm.taobao.org%2Fdebug%2Fdownload%2Fdebug-2.6.9.tgz",
					"integrity": "sha1-XRKFFd8TT/Mn6QpMk/Tgd6U2NB8=",
					"dev": true,
					"requires": {
						"ms": "2.0.0"
					}
				},
				"ms": {
					"version": "2.0.0",
					"resolved": "https://registry.npm.taobao.org/ms/download/ms-2.0.0.tgz",
					"integrity": "sha1-VgiurfwAvmwpAd9fmGF4jeDVl8g=",
					"dev": true
				}
			}
		},
		"eslint-plugin-import": {
			"version": "2.19.1",
			"resolved": "https://registry.npm.taobao.org/eslint-plugin-import/download/eslint-plugin-import-2.19.1.tgz?cache=0&sync_timestamp=1575877019251&other_urls=https%3A%2F%2Fregistry.npm.taobao.org%2Feslint-plugin-import%2Fdownload%2Feslint-plugin-import-2.19.1.tgz",
			"integrity": "sha1-VlThC3g50GTdDUbNG4jsITOhFEg=",
			"dev": true,
			"requires": {
				"array-includes": "^3.0.3",
				"array.prototype.flat": "^1.2.1",
				"contains-path": "^0.1.0",
				"debug": "^2.6.9",
				"doctrine": "1.5.0",
				"eslint-import-resolver-node": "^0.3.2",
				"eslint-module-utils": "^2.4.1",
				"has": "^1.0.3",
				"minimatch": "^3.0.4",
				"object.values": "^1.1.0",
				"read-pkg-up": "^2.0.0",
				"resolve": "^1.12.0"
			},
			"dependencies": {
				"debug": {
					"version": "2.6.9",
					"resolved": "https://registry.npm.taobao.org/debug/download/debug-2.6.9.tgz?cache=0&other_urls=https%3A%2F%2Fregistry.npm.taobao.org%2Fdebug%2Fdownload%2Fdebug-2.6.9.tgz",
					"integrity": "sha1-XRKFFd8TT/Mn6QpMk/Tgd6U2NB8=",
					"dev": true,
					"requires": {
						"ms": "2.0.0"
					}
				},
				"doctrine": {
					"version": "1.5.0",
					"resolved": "https://registry.npm.taobao.org/doctrine/download/doctrine-1.5.0.tgz",
					"integrity": "sha1-N53Ocw9hZvds76TmcHoVmwLFpvo=",
					"dev": true,
					"requires": {
						"esutils": "^2.0.2",
						"isarray": "^1.0.0"
					}
				},
				"find-up": {
					"version": "2.1.0",
					"resolved": "https://registry.npm.taobao.org/find-up/download/find-up-2.1.0.tgz",
					"integrity": "sha1-RdG35QbHF93UgndaK3eSCjwMV6c=",
					"dev": true,
					"requires": {
						"locate-path": "^2.0.0"
					}
				},
				"isarray": {
					"version": "1.0.0",
					"resolved": "https://registry.npm.taobao.org/isarray/download/isarray-1.0.0.tgz?cache=0&sync_timestamp=1562592096220&other_urls=https%3A%2F%2Fregistry.npm.taobao.org%2Fisarray%2Fdownload%2Fisarray-1.0.0.tgz",
					"integrity": "sha1-u5NdSFgsuhaMBoNJV6VKPgcSTxE=",
					"dev": true
				},
				"load-json-file": {
					"version": "2.0.0",
					"resolved": "https://registry.npm.taobao.org/load-json-file/download/load-json-file-2.0.0.tgz",
					"integrity": "sha1-eUfkIUmvgNaWy/eXvKq8/h/inKg=",
					"dev": true,
					"requires": {
						"graceful-fs": "^4.1.2",
						"parse-json": "^2.2.0",
						"pify": "^2.0.0",
						"strip-bom": "^3.0.0"
					}
				},
				"ms": {
					"version": "2.0.0",
					"resolved": "https://registry.npm.taobao.org/ms/download/ms-2.0.0.tgz",
					"integrity": "sha1-VgiurfwAvmwpAd9fmGF4jeDVl8g=",
					"dev": true
				},
				"path-type": {
					"version": "2.0.0",
					"resolved": "https://registry.npm.taobao.org/path-type/download/path-type-2.0.0.tgz",
					"integrity": "sha1-8BLMuEFbcJb8LaoQVMPXI4lZTHM=",
					"dev": true,
					"requires": {
						"pify": "^2.0.0"
					}
				},
				"read-pkg": {
					"version": "2.0.0",
					"resolved": "https://registry.npm.taobao.org/read-pkg/download/read-pkg-2.0.0.tgz?cache=0&other_urls=https%3A%2F%2Fregistry.npm.taobao.org%2Fread-pkg%2Fdownload%2Fread-pkg-2.0.0.tgz",
					"integrity": "sha1-jvHAYjxqbbDcZxPEv6xGMysjaPg=",
					"dev": true,
					"requires": {
						"load-json-file": "^2.0.0",
						"normalize-package-data": "^2.3.2",
						"path-type": "^2.0.0"
					}
				},
				"read-pkg-up": {
					"version": "2.0.0",
					"resolved": "https://registry.npm.taobao.org/read-pkg-up/download/read-pkg-up-2.0.0.tgz",
					"integrity": "sha1-a3KoBImE4MQeeVEP1en6mbO1Sb4=",
					"dev": true,
					"requires": {
						"find-up": "^2.0.0",
						"read-pkg": "^2.0.0"
					}
				},
				"strip-bom": {
					"version": "3.0.0",
					"resolved": "https://registry.npm.taobao.org/strip-bom/download/strip-bom-3.0.0.tgz",
					"integrity": "sha1-IzTBjpx1n3vdVv3vfprj1YjmjtM=",
					"dev": true
				}
			}
		},
		"eslint-scope": {
			"version": "3.7.1",
			"resolved": "https://registry.npm.taobao.org/eslint-scope/download/eslint-scope-3.7.1.tgz",
			"integrity": "sha1-PWPD7f2gLgbgGkUq2IyqzHzctug=",
			"dev": true,
			"requires": {
				"esrecurse": "^4.1.0",
				"estraverse": "^4.1.1"
			}
		},
		"eslint-visitor-keys": {
			"version": "1.1.0",
			"resolved": "https://registry.npm.taobao.org/eslint-visitor-keys/download/eslint-visitor-keys-1.1.0.tgz?cache=0&sync_timestamp=1565705511122&other_urls=https%3A%2F%2Fregistry.npm.taobao.org%2Feslint-visitor-keys%2Fdownload%2Feslint-visitor-keys-1.1.0.tgz",
			"integrity": "sha1-4qgs6oT/JGrW+1f5veW0ZiFFnsI=",
			"dev": true
		},
		"esrecurse": {
			"version": "4.2.1",
			"resolved": "https://registry.npm.taobao.org/esrecurse/download/esrecurse-4.2.1.tgz",
			"integrity": "sha1-AHo7n9vCs7uH5IeeoZyS/b05Qs8=",
			"dev": true,
			"requires": {
				"estraverse": "^4.1.0"
			}
		},
		"estraverse": {
			"version": "4.3.0",
			"resolved": "https://registry.npm.taobao.org/estraverse/download/estraverse-4.3.0.tgz",
			"integrity": "sha1-OYrT88WiSUi+dyXoPRGn3ijNvR0=",
			"dev": true
		},
		"esutils": {
			"version": "2.0.3",
			"resolved": "https://registry.npm.taobao.org/esutils/download/esutils-2.0.3.tgz?cache=0&sync_timestamp=1564535492241&other_urls=https%3A%2F%2Fregistry.npm.taobao.org%2Fesutils%2Fdownload%2Fesutils-2.0.3.tgz",
			"integrity": "sha1-dNLrTeC42hKTcRkQ1Qd1ubcQ72Q=",
			"dev": true
		},
		"fresh": {
			"version": "0.5.2",
			"resolved": "https://registry.npm.taobao.org/fresh/download/fresh-0.5.2.tgz",
			"integrity": "sha1-PYyt2Q2XZWn6g1qx+OSyOhBWBac=",
			"dev": true
		},
		"fs-extra": {
			"version": "6.0.1",
			"resolved": "https://registry.npm.taobao.org/fs-extra/download/fs-extra-6.0.1.tgz",
			"integrity": "sha1-irwSj3lG4xATXdyTuYvdtBDno0s=",
			"dev": true,
			"requires": {
				"graceful-fs": "^4.1.2",
				"jsonfile": "^4.0.0",
				"universalify": "^0.1.0"
			},
			"dependencies": {
				"jsonfile": {
					"version": "4.0.0",
					"resolved": "https://registry.npm.taobao.org/jsonfile/download/jsonfile-4.0.0.tgz",
					"integrity": "sha1-h3Gq4HmbZAdrdmQPygWPnBDjPss=",
					"dev": true,
					"requires": {
						"graceful-fs": "^4.1.6"
					}
				}
			}
		},
		"function-bind": {
			"version": "1.1.1",
			"resolved": "https://registry.npm.taobao.org/function-bind/download/function-bind-1.1.1.tgz",
			"integrity": "sha1-pWiZ0+o8m6uHS7l3O3xe3pL0iV0=",
			"dev": true
		},
		"globals": {
			"version": "11.12.0",
			"resolved": "https://registry.npm.taobao.org/globals/download/globals-11.12.0.tgz",
			"integrity": "sha1-q4eVM4hooLq9hSV1gBjCp+uVxC4=",
			"dev": true
		},
		"graceful-fs": {
			"version": "4.2.3",
			"resolved": "https://registry.npm.taobao.org/graceful-fs/download/graceful-fs-4.2.3.tgz",
			"integrity": "sha1-ShL/G2A3bvCYYsIJPt2Qgyi+hCM=",
			"dev": true
		},
		"has": {
			"version": "1.0.3",
			"resolved": "https://registry.npm.taobao.org/has/download/has-1.0.3.tgz",
			"integrity": "sha1-ci18v8H2qoJB8W3YFOAR4fQeh5Y=",
			"dev": true,
			"requires": {
				"function-bind": "^1.1.1"
			}
		},
		"has-flag": {
			"version": "3.0.0",
			"resolved": "https://registry.npm.taobao.org/has-flag/download/has-flag-3.0.0.tgz",
			"integrity": "sha1-tdRU3CGZriJWmfNGfloH87lVuv0=",
			"dev": true
		},
		"has-symbols": {
			"version": "1.0.1",
			"resolved": "https://registry.npm.taobao.org/has-symbols/download/has-symbols-1.0.1.tgz?cache=0&sync_timestamp=1573950719586&other_urls=https%3A%2F%2Fregistry.npm.taobao.org%2Fhas-symbols%2Fdownload%2Fhas-symbols-1.0.1.tgz",
			"integrity": "sha1-n1IUdYpEGWxAbZvXbOv4HsLdMeg=",
			"dev": true
		},
		"hosted-git-info": {
			"version": "2.8.5",
			"resolved": "https://registry.npm.taobao.org/hosted-git-info/download/hosted-git-info-2.8.5.tgz",
			"integrity": "sha1-dZz88sTRVq3lmwst+r3cQqa5xww=",
			"dev": true
		},
		"http-assert": {
			"version": "1.4.1",
			"resolved": "https://registry.npm.taobao.org/http-assert/download/http-assert-1.4.1.tgz",
			"integrity": "sha1-xfcl1neqfoc+9zYZm4lobM6zeHg=",
			"dev": true,
			"requires": {
				"deep-equal": "~1.0.1",
				"http-errors": "~1.7.2"
			}
		},
		"http-errors": {
			"version": "1.7.3",
			"resolved": "https://registry.npm.taobao.org/http-errors/download/http-errors-1.7.3.tgz?cache=0&sync_timestamp=1561418493658&other_urls=https%3A%2F%2Fregistry.npm.taobao.org%2Fhttp-errors%2Fdownload%2Fhttp-errors-1.7.3.tgz",
			"integrity": "sha1-bGGeT5xgMIw4UZSYwU+7EKrOuwY=",
			"dev": true,
			"requires": {
				"depd": "~1.1.2",
				"inherits": "2.0.4",
				"setprototypeof": "1.1.1",
				"statuses": ">= 1.5.0 < 2",
				"toidentifier": "1.0.0"
			},
			"dependencies": {
				"statuses": {
					"version": "1.5.0",
					"resolved": "https://registry.npm.taobao.org/statuses/download/statuses-1.5.0.tgz",
					"integrity": "sha1-Fhx9rBd2Wf2YEfQ3cfqZOBR4Yow=",
					"dev": true
				}
			}
		},
		"inherits": {
			"version": "2.0.4",
			"resolved": "https://registry.npm.taobao.org/inherits/download/inherits-2.0.4.tgz",
			"integrity": "sha1-D6LGT5MpF8NDOg3tVTY6rjdBa3w=",
			"dev": true
		},
		"invariant": {
			"version": "2.2.4",
			"resolved": "https://registry.npm.taobao.org/invariant/download/invariant-2.2.4.tgz",
			"integrity": "sha1-YQ88ksk1nOHbYW5TgAjSP/NRWOY=",
			"dev": true,
			"requires": {
				"loose-envify": "^1.0.0"
			}
		},
		"is-arrayish": {
			"version": "0.2.1",
			"resolved": "https://registry.npm.taobao.org/is-arrayish/download/is-arrayish-0.2.1.tgz",
			"integrity": "sha1-d8mYQFJ6qOyxqLppe4BkWnqSap0=",
			"dev": true
		},
		"is-callable": {
			"version": "1.1.4",
			"resolved": "https://registry.npm.taobao.org/is-callable/download/is-callable-1.1.4.tgz",
			"integrity": "sha1-HhrfIZ4e62hNaR+dagX/DTCiTXU=",
			"dev": true
		},
		"is-date-object": {
			"version": "1.0.1",
			"resolved": "https://registry.npm.taobao.org/is-date-object/download/is-date-object-1.0.1.tgz",
			"integrity": "sha1-mqIOtq7rv/d/vTPnTKAbM1gdOhY=",
			"dev": true
		},
		"is-generator-function": {
			"version": "1.0.7",
			"resolved": "https://registry.npm.taobao.org/is-generator-function/download/is-generator-function-1.0.7.tgz",
			"integrity": "sha1-0hMuUpuwAAp/gHlNS99c1eWBNSI=",
			"dev": true
		},
		"is-regex": {
			"version": "1.0.4",
			"resolved": "https://registry.npm.taobao.org/is-regex/download/is-regex-1.0.4.tgz",
			"integrity": "sha1-VRdIm1RwkbCTDglWVM7SXul+lJE=",
			"dev": true,
			"requires": {
				"has": "^1.0.1"
			}
		},
		"is-symbol": {
			"version": "1.0.3",
			"resolved": "https://registry.npm.taobao.org/is-symbol/download/is-symbol-1.0.3.tgz?cache=0&sync_timestamp=1574296409833&other_urls=https%3A%2F%2Fregistry.npm.taobao.org%2Fis-symbol%2Fdownload%2Fis-symbol-1.0.3.tgz",
			"integrity": "sha1-OOEBS55jKb4N6dJKQU/XRB7GGTc=",
			"dev": true,
			"requires": {
				"has-symbols": "^1.0.1"
			}
		},
		"js-tokens": {
			"version": "3.0.2",
			"resolved": "https://registry.npm.taobao.org/js-tokens/download/js-tokens-3.0.2.tgz",
			"integrity": "sha1-mGbfOVECEw449/mWvOtlRDIJwls=",
			"dev": true
		},
		"jsesc": {
			"version": "2.5.2",
			"resolved": "https://registry.npm.taobao.org/jsesc/download/jsesc-2.5.2.tgz",
			"integrity": "sha1-gFZNLkg9rPbo7yCWUKZ98/DCg6Q=",
			"dev": true
		},
		"keygrip": {
			"version": "1.1.0",
			"resolved": "https://registry.npm.taobao.org/keygrip/download/keygrip-1.1.0.tgz",
			"integrity": "sha1-hxsWgdXhWcYqRFsMdLYV4JF+ciY=",
			"dev": true,
			"requires": {
				"tsscmp": "1.0.6"
			}
		},
		"koa": {
			"version": "2.11.0",
			"resolved": "https://registry.npm.taobao.org/koa/download/koa-2.11.0.tgz?cache=0&sync_timestamp=1572232118391&other_urls=https%3A%2F%2Fregistry.npm.taobao.org%2Fkoa%2Fdownload%2Fkoa-2.11.0.tgz",
			"integrity": "sha1-/lpRxG9WbSdjLdXcj9XX3UT5NaQ=",
			"dev": true,
			"requires": {
				"accepts": "^1.3.5",
				"cache-content-type": "^1.0.0",
				"content-disposition": "~0.5.2",
				"content-type": "^1.0.4",
				"cookies": "~0.8.0",
				"debug": "~3.1.0",
				"delegates": "^1.0.0",
				"depd": "^1.1.2",
				"destroy": "^1.0.4",
				"encodeurl": "^1.0.2",
				"error-inject": "^1.0.0",
				"escape-html": "^1.0.3",
				"fresh": "~0.5.2",
				"http-assert": "^1.3.0",
				"http-errors": "^1.6.3",
				"is-generator-function": "^1.0.7",
				"koa-compose": "^4.1.0",
				"koa-convert": "^1.2.0",
				"on-finished": "^2.3.0",
				"only": "~0.0.2",
				"parseurl": "^1.3.2",
				"statuses": "^1.5.0",
				"type-is": "^1.6.16",
				"vary": "^1.1.2"
			},
			"dependencies": {
				"debug": {
					"version": "3.1.0",
					"resolved": "https://registry.npm.taobao.org/debug/download/debug-3.1.0.tgz?cache=0&other_urls=https%3A%2F%2Fregistry.npm.taobao.org%2Fdebug%2Fdownload%2Fdebug-3.1.0.tgz",
					"integrity": "sha1-W7WgZyYotkFJVmuhaBnmFRjGcmE=",
					"dev": true,
					"requires": {
						"ms": "2.0.0"
					}
				},
				"ms": {
					"version": "2.0.0",
					"resolved": "https://registry.npm.taobao.org/ms/download/ms-2.0.0.tgz",
					"integrity": "sha1-VgiurfwAvmwpAd9fmGF4jeDVl8g=",
					"dev": true
				},
				"statuses": {
					"version": "1.5.0",
					"resolved": "https://registry.npm.taobao.org/statuses/download/statuses-1.5.0.tgz",
					"integrity": "sha1-Fhx9rBd2Wf2YEfQ3cfqZOBR4Yow=",
					"dev": true
				}
			}
		},
		"koa-compose": {
			"version": "4.1.0",
			"resolved": "https://registry.npm.taobao.org/koa-compose/download/koa-compose-4.1.0.tgz",
			"integrity": "sha1-UHMGuTcZAdtBEhyBLpI9DWfT6Hc=",
			"dev": true
		},
		"koa-convert": {
			"version": "1.2.0",
			"resolved": "https://registry.npm.taobao.org/koa-convert/download/koa-convert-1.2.0.tgz",
			"integrity": "sha1-2kCHXfSd4FOQmNFwC1CCDOvNIdA=",
			"dev": true,
			"requires": {
				"co": "^4.6.0",
				"koa-compose": "^3.0.0"
			},
			"dependencies": {
				"koa-compose": {
					"version": "3.2.1",
					"resolved": "https://registry.npm.taobao.org/koa-compose/download/koa-compose-3.2.1.tgz",
					"integrity": "sha1-qFzLQLfZhtjlo0Wzoazo6rz1Tec=",
					"dev": true,
					"requires": {
						"any-promise": "^1.1.0"
					}
				}
			}
		},
		"locate-path": {
			"version": "2.0.0",
			"resolved": "https://registry.npm.taobao.org/locate-path/download/locate-path-2.0.0.tgz",
			"integrity": "sha1-K1aLJl7slExtnA3pw9u7ygNUzY4=",
			"dev": true,
			"requires": {
				"p-locate": "^2.0.0",
				"path-exists": "^3.0.0"
			},
			"dependencies": {
				"path-exists": {
					"version": "3.0.0",
					"resolved": "https://registry.npm.taobao.org/path-exists/download/path-exists-3.0.0.tgz",
					"integrity": "sha1-zg6+ql94yxiSXqfYENe1mwEP1RU=",
					"dev": true
				}
			}
		},
		"lodash": {
			"version": "4.17.15",
			"resolved": "https://registry.npm.taobao.org/lodash/download/lodash-4.17.15.tgz",
			"integrity": "sha1-tEf2ZwoEVbv+7dETku/zMOoJdUg=",
			"dev": true
		},
		"loose-envify": {
			"version": "1.4.0",
			"resolved": "https://registry.npm.taobao.org/loose-envify/download/loose-envify-1.4.0.tgz",
			"integrity": "sha1-ce5R+nvkyuwaY4OffmgtgTLTDK8=",
			"dev": true,
			"requires": {
				"js-tokens": "^3.0.0 || ^4.0.0"
			}
		},
		"media-typer": {
			"version": "0.3.0",
			"resolved": "https://registry.npm.taobao.org/media-typer/download/media-typer-0.3.0.tgz",
			"integrity": "sha1-hxDXrwqmJvj/+hzgAWhUUmMlV0g=",
			"dev": true
		},
		"mime-db": {
			"version": "1.42.0",
			"resolved": "https://registry.npm.taobao.org/mime-db/download/mime-db-1.42.0.tgz?cache=0&sync_timestamp=1569468742433&other_urls=https%3A%2F%2Fregistry.npm.taobao.org%2Fmime-db%2Fdownload%2Fmime-db-1.42.0.tgz",
			"integrity": "sha1-PiUpB7THrbkGWXtLZWNics+ee6w=",
			"dev": true
		},
		"mime-types": {
			"version": "2.1.25",
			"resolved": "https://registry.npm.taobao.org/mime-types/download/mime-types-2.1.25.tgz",
			"integrity": "sha1-OXctRmIfk+KoCoVsU7hqYhVqZDc=",
			"dev": true,
			"requires": {
				"mime-db": "1.42.0"
			}
		},
		"minimatch": {
			"version": "3.0.4",
			"resolved": "https://registry.npm.taobao.org/minimatch/download/minimatch-3.0.4.tgz?cache=0&other_urls=https%3A%2F%2Fregistry.npm.taobao.org%2Fminimatch%2Fdownload%2Fminimatch-3.0.4.tgz",
			"integrity": "sha1-UWbihkV/AzBgZL5Ul+jbsMPTIIM=",
			"dev": true,
			"requires": {
				"brace-expansion": "^1.1.7"
			}
		},
		"ms": {
			"version": "2.1.2",
			"resolved": "https://registry.npm.taobao.org/ms/download/ms-2.1.2.tgz",
			"integrity": "sha1-0J0fNXtEP0kzgqjrPM0YOHKuYAk=",
			"dev": true
		},
		"negotiator": {
			"version": "0.6.2",
			"resolved": "https://registry.npm.taobao.org/negotiator/download/negotiator-0.6.2.tgz",
			"integrity": "sha1-/qz3zPUlp3rpY0Q2pkiD/+yjRvs=",
			"dev": true
		},
		"normalize-package-data": {
			"version": "2.5.0",
			"resolved": "https://registry.npm.taobao.org/normalize-package-data/download/normalize-package-data-2.5.0.tgz",
			"integrity": "sha1-5m2xg4sgDB38IzIl0SyzZSDiNKg=",
			"dev": true,
			"requires": {
				"hosted-git-info": "^2.1.4",
				"resolve": "^1.10.0",
				"semver": "2 || 3 || 4 || 5",
				"validate-npm-package-license": "^3.0.1"
			}
		},
		"normalize-range": {
			"version": "0.1.2",
			"resolved": "https://registry.npm.taobao.org/normalize-range/download/normalize-range-0.1.2.tgz",
			"integrity": "sha1-LRDAa9/TEuqXd2laTShDlFa3WUI=",
			"dev": true
		},
		"num2fraction": {
			"version": "1.2.2",
			"resolved": "https://registry.npm.taobao.org/num2fraction/download/num2fraction-1.2.2.tgz",
			"integrity": "sha1-b2gragJ6Tp3fpFZM0lidHU5mnt4=",
			"dev": true
		},
		"object-inspect": {
			"version": "1.7.0",
			"resolved": "https://registry.npm.taobao.org/object-inspect/download/object-inspect-1.7.0.tgz?cache=0&other_urls=https%3A%2F%2Fregistry.npm.taobao.org%2Fobject-inspect%2Fdownload%2Fobject-inspect-1.7.0.tgz",
			"integrity": "sha1-9Pa9GBrXfwBrXs5gvQtvOY/3Smc=",
			"dev": true
		},
		"object-keys": {
			"version": "1.1.1",
			"resolved": "https://registry.npm.taobao.org/object-keys/download/object-keys-1.1.1.tgz",
			"integrity": "sha1-HEfyct8nfzsdrwYWd9nILiMixg4=",
			"dev": true
		},
		"object.values": {
			"version": "1.1.0",
			"resolved": "https://registry.npm.taobao.org/object.values/download/object.values-1.1.0.tgz",
			"integrity": "sha1-v2gQ712j5TJXkOqqK+IT6oRiTak=",
			"dev": true,
			"requires": {
				"define-properties": "^1.1.3",
				"es-abstract": "^1.12.0",
				"function-bind": "^1.1.1",
				"has": "^1.0.3"
			}
		},
		"on-finished": {
			"version": "2.3.0",
			"resolved": "https://registry.npm.taobao.org/on-finished/download/on-finished-2.3.0.tgz",
			"integrity": "sha1-IPEzZIGwg811M3mSoWlxqi2QaUc=",
			"dev": true,
			"requires": {
				"ee-first": "1.1.1"
			}
		},
		"only": {
			"version": "0.0.2",
			"resolved": "https://registry.npm.taobao.org/only/download/only-0.0.2.tgz",
			"integrity": "sha1-Kv3oTQPlC5qO3EROMGEKcCle37Q=",
			"dev": true
		},
		"p-limit": {
			"version": "1.3.0",
			"resolved": "https://registry.npm.taobao.org/p-limit/download/p-limit-1.3.0.tgz",
			"integrity": "sha1-uGvV8MJWkJEcdZD8v8IBDVSzzLg=",
			"dev": true,
			"requires": {
				"p-try": "^1.0.0"
			}
		},
		"p-locate": {
			"version": "2.0.0",
			"resolved": "https://registry.npm.taobao.org/p-locate/download/p-locate-2.0.0.tgz",
			"integrity": "sha1-IKAQOyIqcMj9OcwuWAaA893l7EM=",
			"dev": true,
			"requires": {
				"p-limit": "^1.1.0"
			}
		},
		"p-try": {
			"version": "1.0.0",
			"resolved": "https://registry.npm.taobao.org/p-try/download/p-try-1.0.0.tgz",
			"integrity": "sha1-y8ec26+P1CKOE/Yh8rGiN8GyB7M=",
			"dev": true
		},
		"parse-json": {
			"version": "2.2.0",
			"resolved": "https://registry.npm.taobao.org/parse-json/download/parse-json-2.2.0.tgz",
			"integrity": "sha1-9ID0BDTvgHQfhGkJn43qGPVaTck=",
			"dev": true,
			"requires": {
				"error-ex": "^1.2.0"
			}
		},
		"parseurl": {
			"version": "1.3.3",
			"resolved": "https://registry.npm.taobao.org/parseurl/download/parseurl-1.3.3.tgz",
			"integrity": "sha1-naGee+6NEt/wUT7Vt2lXeTvC6NQ=",
			"dev": true
		},
		"path-parse": {
			"version": "1.0.6",
			"resolved": "https://registry.npm.taobao.org/path-parse/download/path-parse-1.0.6.tgz",
			"integrity": "sha1-1i27VnlAXXLEc37FhgDp3c8G0kw=",
			"dev": true
		},
		"pify": {
			"version": "2.3.0",
			"resolved": "https://registry.npm.taobao.org/pify/download/pify-2.3.0.tgz",
			"integrity": "sha1-7RQaasBDqEnqWISY59yosVMw6Qw=",
			"dev": true
		},
		"pkg-dir": {
			"version": "2.0.0",
			"resolved": "https://registry.npm.taobao.org/pkg-dir/download/pkg-dir-2.0.0.tgz",
			"integrity": "sha1-9tXREJ4Z1j7fQo4L1X4Sd3YVM0s=",
			"dev": true,
			"requires": {
				"find-up": "^2.1.0"
			},
			"dependencies": {
				"find-up": {
					"version": "2.1.0",
					"resolved": "https://registry.npm.taobao.org/find-up/download/find-up-2.1.0.tgz",
					"integrity": "sha1-RdG35QbHF93UgndaK3eSCjwMV6c=",
					"dev": true,
					"requires": {
						"locate-path": "^2.0.0"
					}
				}
			}
		},
		"postcss": {
			"version": "6.0.23",
			"resolved": "https://registry.npm.taobao.org/postcss/download/postcss-6.0.23.tgz",
			"integrity": "sha1-YcgswyisYOZ3ZF+XkFTrmLwOMyQ=",
			"dev": true,
			"requires": {
				"chalk": "^2.4.1",
				"source-map": "^0.6.1",
				"supports-color": "^5.4.0"
			},
			"dependencies": {
				"source-map": {
					"version": "0.6.1",
					"resolved": "https://registry.npm.taobao.org/source-map/download/source-map-0.6.1.tgz",
					"integrity": "sha1-dHIq8y6WFOnCh6jQu95IteLxomM=",
					"dev": true
				}
			}
		},
		"postcss-value-parser": {
			"version": "3.3.1",
			"resolved": "https://registry.npm.taobao.org/postcss-value-parser/download/postcss-value-parser-3.3.1.tgz",
			"integrity": "sha1-n/giVH4okyE88cMO+lGsX9G6goE=",
			"dev": true
		},
		"resolve": {
			"version": "1.13.1",
			"resolved": "https://registry.npm.taobao.org/resolve/download/resolve-1.13.1.tgz",
			"integrity": "sha1-vgqkwGrNUwg1BauzX01mkyqzXRY=",
			"dev": true,
			"requires": {
				"path-parse": "^1.0.6"
			}
		},
		"safe-buffer": {
			"version": "5.1.2",
			"resolved": "https://registry.npm.taobao.org/safe-buffer/download/safe-buffer-5.1.2.tgz",
			"integrity": "sha1-mR7GnSluAxN0fVm9/St0XDX4go0=",
			"dev": true
		},
		"semver": {
			"version": "5.7.1",
			"resolved": "https://registry.npm.taobao.org/semver/download/semver-5.7.1.tgz",
			"integrity": "sha1-qVT5Ma66UI0we78Gnv8MAclhFvc=",
			"dev": true
		},
		"setprototypeof": {
			"version": "1.1.1",
			"resolved": "https://registry.npm.taobao.org/setprototypeof/download/setprototypeof-1.1.1.tgz",
			"integrity": "sha1-fpWsskqpL1iF4KvvW6ExMw1K5oM=",
			"dev": true
		},
		"source-map": {
			"version": "0.5.7",
			"resolved": "https://registry.npm.taobao.org/source-map/download/source-map-0.5.7.tgz",
			"integrity": "sha1-igOdLRAh0i0eoUyA2OpGi6LvP8w=",
			"dev": true
		},
		"spdx-correct": {
			"version": "3.1.0",
			"resolved": "https://registry.npm.taobao.org/spdx-correct/download/spdx-correct-3.1.0.tgz",
			"integrity": "sha1-+4PlBERSaPFUsHTiGMh8ADzTHfQ=",
			"dev": true,
			"requires": {
				"spdx-expression-parse": "^3.0.0",
				"spdx-license-ids": "^3.0.0"
			}
		},
		"spdx-exceptions": {
			"version": "2.2.0",
			"resolved": "https://registry.npm.taobao.org/spdx-exceptions/download/spdx-exceptions-2.2.0.tgz",
			"integrity": "sha1-LqRQrudPKom/uUUZwH/Nb0EyKXc=",
			"dev": true
		},
		"spdx-expression-parse": {
			"version": "3.0.0",
			"resolved": "https://registry.npm.taobao.org/spdx-expression-parse/download/spdx-expression-parse-3.0.0.tgz",
			"integrity": "sha1-meEZt6XaAOBUkcn6M4t5BII7QdA=",
			"dev": true,
			"requires": {
				"spdx-exceptions": "^2.1.0",
				"spdx-license-ids": "^3.0.0"
			}
		},
		"spdx-license-ids": {
			"version": "3.0.5",
			"resolved": "https://registry.npm.taobao.org/spdx-license-ids/download/spdx-license-ids-3.0.5.tgz",
			"integrity": "sha1-NpS1gEVnpFjTyARYQqY1hjL2JlQ=",
			"dev": true
		},
		"string.prototype.trimleft": {
			"version": "2.1.0",
			"resolved": "https://registry.npm.taobao.org/string.prototype.trimleft/download/string.prototype.trimleft-2.1.0.tgz?cache=0&other_urls=https%3A%2F%2Fregistry.npm.taobao.org%2Fstring.prototype.trimleft%2Fdownload%2Fstring.prototype.trimleft-2.1.0.tgz",
			"integrity": "sha1-bMR/DX641isPNwFhFxWjlUWR1jQ=",
			"dev": true,
			"requires": {
				"define-properties": "^1.1.3",
				"function-bind": "^1.1.1"
			}
		},
		"string.prototype.trimright": {
			"version": "2.1.0",
			"resolved": "https://registry.npm.taobao.org/string.prototype.trimright/download/string.prototype.trimright-2.1.0.tgz?cache=0&other_urls=https%3A%2F%2Fregistry.npm.taobao.org%2Fstring.prototype.trimright%2Fdownload%2Fstring.prototype.trimright-2.1.0.tgz",
			"integrity": "sha1-Zp0WS+nfm291WfqOiZRbFopabFg=",
			"dev": true,
			"requires": {
				"define-properties": "^1.1.3",
				"function-bind": "^1.1.1"
			}
		},
		"supports-color": {
			"version": "5.5.0",
			"resolved": "https://registry.npm.taobao.org/supports-color/download/supports-color-5.5.0.tgz?cache=0&other_urls=https%3A%2F%2Fregistry.npm.taobao.org%2Fsupports-color%2Fdownload%2Fsupports-color-5.5.0.tgz",
			"integrity": "sha1-4uaaRKyHcveKHsCzW2id9lMO/I8=",
			"dev": true,
			"requires": {
				"has-flag": "^3.0.0"
			}
		},
		"to-fast-properties": {
			"version": "2.0.0",
			"resolved": "https://registry.npm.taobao.org/to-fast-properties/download/to-fast-properties-2.0.0.tgz",
			"integrity": "sha1-3F5pjL0HkmW8c+A3doGk5Og/YW4=",
			"dev": true
		},
		"toidentifier": {
			"version": "1.0.0",
			"resolved": "https://registry.npm.taobao.org/toidentifier/download/toidentifier-1.0.0.tgz",
			"integrity": "sha1-fhvjRw8ed5SLxD2Uo8j013UrpVM=",
			"dev": true
		},
		"trim-right": {
			"version": "1.0.1",
			"resolved": "https://registry.npm.taobao.org/trim-right/download/trim-right-1.0.1.tgz",
			"integrity": "sha1-yy4SAwZ+DI3h9hQJS5/kVwTqYAM=",
			"dev": true
		},
		"tsscmp": {
			"version": "1.0.6",
			"resolved": "https://registry.npm.taobao.org/tsscmp/download/tsscmp-1.0.6.tgz",
			"integrity": "sha1-hbmVg6w1iexL/vgltQAKqRHWBes=",
			"dev": true
		},
		"type-is": {
			"version": "1.6.18",
			"resolved": "https://registry.npm.taobao.org/type-is/download/type-is-1.6.18.tgz",
			"integrity": "sha1-TlUs0F3wlGfcvE73Od6J8s83wTE=",
			"dev": true,
			"requires": {
				"media-typer": "0.3.0",
				"mime-types": "~2.1.24"
			}
		},
		"universalify": {
			"version": "0.1.2",
			"resolved": "https://registry.npm.taobao.org/universalify/download/universalify-0.1.2.tgz",
			"integrity": "sha1-tkb2m+OULavOzJ1mOcgNwQXvqmY=",
			"dev": true
		},
		"validate-npm-package-license": {
			"version": "3.0.4",
			"resolved": "https://registry.npm.taobao.org/validate-npm-package-license/download/validate-npm-package-license-3.0.4.tgz",
			"integrity": "sha1-/JH2uce6FchX9MssXe/uw51PQQo=",
			"dev": true,
			"requires": {
				"spdx-correct": "^3.0.0",
				"spdx-expression-parse": "^3.0.0"
			}
		},
		"vary": {
			"version": "1.1.2",
			"resolved": "https://registry.npm.taobao.org/vary/download/vary-1.1.2.tgz",
			"integrity": "sha1-IpnwLG3tMNSllhsLn3RSShj2NPw=",
			"dev": true
		},
		"ylru": {
			"version": "1.2.1",
			"resolved": "https://registry.npm.taobao.org/ylru/download/ylru-1.2.1.tgz",
			"integrity": "sha1-9Xa2M0FUeYnB3nuiiHYJI7J/6E8=",
			"dev": true
		}
	}
}
